// Generated by Glas. Do not edit.
lockfile v2
klar v0.0.1

package proicons/react v0.0.1 from npm
    for workspace mylang
    dependency react v19.0.0 from npm
    registry https://registry.npmjs.org/
    integrity sha512-abc123
    
package proicons/react v0.0.1 from git e3b0c44
    for workspace mylang
    for workspace basic
    url https://github.com/ProCode-Software/proicons
    branch main
    subpath pkg/react
    integrity sha512-abc123
